
Microsoft Visual Studio Solution File, Format Version 12.00
# Visual Studio Version 17
VisualStudioVersion = 17.2.32630.192
MinimumVisualStudioVersion = 10.0.40219.1
Project("{FAE04EC0-301F-11D3-BF4B-00C04F79EFBC}") = "ExperienceCounter", "ExperienceCounter\ExperienceCounter.csproj", "{5C5E9AAD-0907-4CAC-8F29-F5842AFC3F56}"
EndProject
Global
	GlobalSection(SolutionConfigurationPlatforms) = preSolution
		Debug|Any CPU = Debug|Any CPU
		Release|Any CPU = Release|Any CPU
	EndGlobalSection
	GlobalSection(ProjectConfigurationPlatforms) = postSolution
		{5C5E9AAD-0907-4CAC-8F29-F5842AFC3F56}.Debug|Any CPU.ActiveCfg = Debug|Any CPU
		{5C5E9AAD-0907-4CAC-8F29-F5842AFC3F56}.Debug|Any CPU.Build.0 = Debug|Any CPU
		{5C5E9AAD-0907-4CAC-8F29-F5842AFC3F56}.Release|Any CPU.ActiveCfg = Release|Any CPU
		{5C5E9AAD-0907-4CAC-8F29-F5842AFC3F56}.Release|Any CPU.Build.0 = Release|Any CPU
	EndGlobalSection
	GlobalSection(SolutionProperties) = preSolution
		HideSolutionNode = FALSE
	EndGlobalSection
	GlobalSection(ExtensibilityGlobals) = postSolution
		SolutionGuid = {6948FAF1-42D9-404B-8C7F-21CD9C3F02A5}
	EndGlobalSection
EndGlobal
